# THIS IS AN AUTOGENERATED FILE. DO NOT EDIT THIS FILE DIRECTLY.
# yarn lockfile v1


"@types/node@^18.8.5":
  version "18.8.5"
  resolved "https://registry.yarnpkg.com/@types/node/-/node-18.8.5.tgz#6a31f820c1077c3f8ce44f9e203e68a176e8f59e"
  integrity sha512-Bq7G3AErwe5A/Zki5fdD3O6+0zDChhg671NfPjtIcbtzDNZTv4NPKMRFr7gtYPG7y+B8uTiNK4Ngd9T0FTar6Q==

"@types/ungap__structured-clone@^0.3.0":
  version "0.3.0"
  resolved "https://registry.yarnpkg.com/@types/ungap__structured-clone/-/ungap__structured-clone-0.3.0.tgz#39ef89de1f04bb1920ed99e549b885331295c47d"
  integrity sha512-eBWREUhVUGPze+bUW22AgUr05k8u+vETzuYdLYSvWqGTUe0KOf+zVnOB1qER5wMcw8V6D9Ar4DfJmVvD1yu0kQ==

"@types/xml-formatter@^2.1.1":
  version "2.1.1"
  resolved "https://registry.yarnpkg.com/@types/xml-formatter/-/xml-formatter-2.1.1.tgz#43eaeb21a8be0e8554658b3be6525a6df1b2bed3"
  integrity sha512-bMP2ZkVCJrOO0NYiLGHc0m6GkkR1ougOCavz+Z/PKVcwzyoLLoTBDnGvqm0YsEushbNJXpXlK65da22RE4XcPA==
  dependencies:
    xml-formatter "*"

"@ungap/structured-clone@^1.0.1":
  version "1.0.1"
  resolved "https://registry.yarnpkg.com/@ungap/structured-clone/-/structured-clone-1.0.1.tgz#549ce746c163d0869a61cfdabafe625a13ab5d0f"
  integrity sha512-zKVyTt6rELvPXYwcVPTJcPFtY0AckN5A7xWuc7owBqR0FdtuDYhE9MZZUi6IY1kZUQFSXV1B3UOOIyLkVHYd2w==

prettier@^2.7.1:
  version "2.7.1"
  resolved "https://registry.yarnpkg.com/prettier/-/prettier-2.7.1.tgz#e235806850d057f97bb08368a4f7d899f7760c64"
  integrity sha512-ujppO+MkdPqoVINuDFDRLClm7D78qbDt0/NR+wp5FqEZOoTNAjPHWj17QRhu7geIHJfcNhRk1XVQmF8Bp3ye+g==

xml-formatter@*, xml-formatter@^2.6.1:
  version "2.6.1"
  resolved "https://registry.yarnpkg.com/xml-formatter/-/xml-formatter-2.6.1.tgz#066ef3a100bd58ee3b943f0c503be63176d3d497"
  integrity sha512-dOiGwoqm8y22QdTNI7A+N03tyVfBlQ0/oehAzxIZtwnFAHGeSlrfjF73YQvzSsa/Kt6+YZasKsrdu6OIpuBggw==
  dependencies:
    xml-parser-xo "^3.2.0"

xml-parser-xo@^3.2.0:
  version "3.2.0"
  resolved "https://registry.yarnpkg.com/xml-parser-xo/-/xml-parser-xo-3.2.0.tgz#c633ab55cf1976d6b03ab4a6a85045093ac32b73"
  integrity sha512-8LRU6cq+d7mVsoDaMhnkkt3CTtAs4153p49fRo+HIB3I1FD1o5CeXRjRH29sQevIfVJIcPjKSsPU/+Ujhq09Rg==
